// !$*UTF8*$!
{
	archiveVersion = 1;
	classes = {
	};
	objectVersion = 56;
	objects = {

/* Begin PBXBuildFile section */
		4C56984A2A176D8400EAEAFC /* SET_GameApp.swift in Sources */ = {isa = PBXBuildFile; fileRef = 4C5698492A176D8400EAEAFC /* SET_GameApp.swift */; };
		4C56984C2A176D8400EAEAFC /* SetGameView.swift in Sources */ = {isa = PBXBuildFile; fileRef = 4C56984B2A176D8400EAEAFC /* SetGameView.swift */; };
		4C56984E2A176D8600EAEAFC /* Assets.xcassets in Resources */ = {isa = PBXBuildFile; fileRef = 4C56984D2A176D8600EAEAFC /* Assets.xcassets */; };
		4C5698512A176D8600EAEAFC /* Preview Assets.xcassets in Resources */ = {isa = PBXBuildFile; fileRef = 4C5698502A176D8600EAEAFC /* Preview Assets.xcassets */; };
		4C5698582A176DC900EAEAFC /* SetGameThemeModel.swift in Sources */ = {isa = PBXBuildFile; fileRef = 4C5698572A176DC900EAEAFC /* SetGameThemeModel.swift */; };
		4C56985A2A176DD900EAEAFC /* SetGameModel.swift in Sources */ = {isa = PBXBuildFile; fileRef = 4C5698592A176DD900EAEAFC /* SetGameModel.swift */; };
		4C56985C2A176DE100EAEAFC /* SetCardModel.swift in Sources */ = {isa = PBXBuildFile; fileRef = 4C56985B2A176DE100EAEAFC /* SetCardModel.swift */; };
		4C56985E2A176E5D00EAEAFC /* AspectVGrid.swift in Sources */ = {isa = PBXBuildFile; fileRef = 4C56985D2A176E5D00EAEAFC /* AspectVGrid.swift */; };
		4C5698622A176EDF00EAEAFC /* SetCardView.swift in Sources */ = {isa = PBXBuildFile; fileRef = 4C5698612A176EDF00EAEAFC /* SetCardView.swift */; };
		4C5698652A1771DF00EAEAFC /* NSMutableAttributedString.swift in Sources */ = {isa = PBXBuildFile; fileRef = 4C5698642A1771DF00EAEAFC /* NSMutableAttributedString.swift */; };
/* End PBXBuildFile section */

/* Begin PBXFileReference section */
		4C5698462A176D8400EAEAFC /* SET Game.app */ = {isa = PBXFileReference; explicitFileType = wrapper.application; includeInIndex = 0; path = "SET Game.app"; sourceTree = BUILT_PRODUCTS_DIR; };
		4C5698492A176D8400EAEAFC /* SET_GameApp.swift */ = {isa = PBXFileReference; lastKnownFileType = sourcecode.swift; path = SET_GameApp.swift; sourceTree = "<group>"; };
		4C56984B2A176D8400EAEAFC /* SetGameView.swift */ = {isa = PBXFileReference; lastKnownFileType = sourcecode.swift; path = SetGameView.swift; sourceTree = "<group>"; };
		4C56984D2A176D8600EAEAFC /* Assets.xcassets */ = {isa = PBXFileReference; lastKnownFileType = folder.assetcatalog; path = Assets.xcassets; sourceTree = "<group>"; };
		4C5698502A176D8600EAEAFC /* Preview Assets.xcassets */ = {isa = PBXFileReference; lastKnownFileType = folder.assetcatalog; path = "Preview Assets.xcassets"; sourceTree = "<group>"; };
		4C5698572A176DC900EAEAFC /* SetGameThemeModel.swift */ = {isa = PBXFileReference; fileEncoding = 4; lastKnownFileType = sourcecode.swift; path = SetGameThemeModel.swift; sourceTree = "<group>"; };
		4C5698592A176DD900EAEAFC /* SetGameModel.swift */ = {isa = PBXFileReference; fileEncoding = 4; lastKnownFileType = sourcecode.swift; path = SetGameModel.swift; sourceTree = "<group>"; };
		4C56985B2A176DE100EAEAFC /* SetCardModel.swift */ = {isa = PBXFileReference; fileEncoding = 4; lastKnownFileType = sourcecode.swift; path = SetCardModel.swift; sourceTree = "<group>"; };
		4C56985D2A176E5D00EAEAFC /* AspectVGrid.swift */ = {isa = PBXFileReference; fileEncoding = 4; lastKnownFileType = sourcecode.swift; path = AspectVGrid.swift; sourceTree = "<group>"; };
		4C5698612A176EDF00EAEAFC /* SetCardView.swift */ = {isa = PBXFileReference; lastKnownFileType = sourcecode.swift; path = SetCardView.swift; sourceTree = "<group>"; };
		4C5698642A1771DF00EAEAFC /* NSMutableAttributedString.swift */ = {isa = PBXFileReference; lastKnownFileType = sourcecode.swift; path = NSMutableAttributedString.swift; sourceTree = "<group>"; };
/* End PBXFileReference section */

/* Begin PBXFrameworksBuildPhase section */
		4C5698432A176D8400EAEAFC /* Frameworks */ = {
			isa = PBXFrameworksBuildPhase;
			buildActionMask = 2147483647;
			files = (
			);
			runOnlyForDeploymentPostprocessing = 0;
		};
/* End PBXFrameworksBuildPhase section */

/* Begin PBXGroup section */
		4C56983D2A176D8400EAEAFC = {
			isa = PBXGroup;
			children = (
				4C5698482A176D8400EAEAFC /* SET Game */,
				4C5698472A176D8400EAEAFC /* Products */,
			);
			sourceTree = "<group>";
		};
		4C5698472A176D8400EAEAFC /* Products */ = {
			isa = PBXGroup;
			children = (
				4C5698462A176D8400EAEAFC /* SET Game.app */,
			);
			name = Products;
			sourceTree = "<group>";
		};
		4C5698482A176D8400EAEAFC /* SET Game */ = {
			isa = PBXGroup;
			children = (
				4C5698492A176D8400EAEAFC /* SET_GameApp.swift */,
				4C5698602A176EC800EAEAFC /* Views */,
				4C56985F2A176EB700EAEAFC /* Models */,
				4C5698632A1771D100EAEAFC /* SwiftUI Extensions */,
				4C56984D2A176D8600EAEAFC /* Assets.xcassets */,
				4C56984F2A176D8600EAEAFC /* Preview Content */,
			);
			path = "SET Game";
			sourceTree = "<group>";
		};
		4C56984F2A176D8600EAEAFC /* Preview Content */ = {
			isa = PBXGroup;
			children = (
				4C5698502A176D8600EAEAFC /* Preview Assets.xcassets */,
			);
			path = "Preview Content";
			sourceTree = "<group>";
		};
		4C56985F2A176EB700EAEAFC /* Models */ = {
			isa = PBXGroup;
			children = (
				4C5698592A176DD900EAEAFC /* SetGameModel.swift */,
				4C56985B2A176DE100EAEAFC /* SetCardModel.swift */,
				4C5698572A176DC900EAEAFC /* SetGameThemeModel.swift */,
			);
			path = Models;
			sourceTree = "<group>";
		};
		4C5698602A176EC800EAEAFC /* Views */ = {
			isa = PBXGroup;
			children = (
				4C56984B2A176D8400EAEAFC /* SetGameView.swift */,
				4C56985D2A176E5D00EAEAFC /* AspectVGrid.swift */,
				4C5698612A176EDF00EAEAFC /* SetCardView.swift */,
			);
			path = Views;
			sourceTree = "<group>";
		};
		4C5698632A1771D100EAEAFC /* SwiftUI Extensions */ = {
			isa = PBXGroup;
			children = (
				4C5698642A1771DF00EAEAFC /* NSMutableAttributedString.swift */,
			);
			path = "SwiftUI Extensions";
			sourceTree = "<group>";
		};
/* End PBXGroup section */

/* Begin PBXNativeTarget section */
		4C5698452A176D8400EAEAFC /* SET Game */ = {
			isa = PBXNativeTarget;
			buildConfigurationList = 4C5698542A176D8600EAEAFC /* Build configuration list for PBXNativeTarget "SET Game" */;
			buildPhases = (
				4C5698422A176D8400EAEAFC /* Sources */,
				4C5698432A176D8400EAEAFC /* Frameworks */,
				4C5698442A176D8400EAEAFC /* Resources */,
			);
			buildRules = (
			);
			dependencies = (
			);
			name = "SET Game";
			productName = "SET Game";
			productReference = 4C5698462A176D8400EAEAFC /* SET Game.app */;
			productType = "com.apple.product-type.application";
		};
/* End PBXNativeTarget section */

/* Begin PBXProject section */
		4C56983E2A176D8400EAEAFC /* Project object */ = {
			isa = PBXProject;
			attributes = {
				BuildIndependentTargetsInParallel = 1;
				LastSwiftUpdateCheck = 1420;
				LastUpgradeCheck = 1420;
				TargetAttributes = {
					4C5698452A176D8400EAEAFC = {
						CreatedOnToolsVersion = 14.2;
					};
				};
			};
			buildConfigurationList = 4C5698412A176D8400EAEAFC /* Build configuration list for PBXProject "SET Game" */;
			compatibilityVersion = "Xcode 14.0";
			developmentRegion = en;
			hasScannedForEncodings = 0;
			knownRegions = (
				en,
				Base,
			);
			mainGroup = 4C56983D2A176D8400EAEAFC;
			productRefGroup = 4C5698472A176D8400EAEAFC /* Products */;
			projectDirPath = "";
			projectRoot = "";
			targets = (
				4C5698452A176D8400EAEAFC /* SET Game */,
			);
		};
/* End PBXProject section */

/* Begin PBXResourcesBuildPhase section */
		4C5698442A176D8400EAEAFC /* Resources */ = {
			isa = PBXResourcesBuildPhase;
			buildActionMask = 2147483647;
			files = (
				4C5698512A176D8600EAEAFC /* Preview Assets.xcassets in Resources */,
				4C56984E2A176D8600EAEAFC /* Assets.xcassets in Resources */,
			);
			runOnlyForDeploymentPostprocessing = 0;
		};
/* End PBXResourcesBuildPhase section */

/* Begin PBXSourcesBuildPhase section */
		4C5698422A176D8400EAEAFC /* Sources */ = {
			isa = PBXSourcesBuildPhase;
			buildActionMask = 2147483647;
			files = (
				4C56985C2A176DE100EAEAFC /* SetCardModel.swift in Sources */,
				4C5698582A176DC900EAEAFC /* SetGameThemeModel.swift in Sources */,
				4C5698622A176EDF00EAEAFC /* SetCardView.swift in Sources */,
				4C56985E2A176E5D00EAEAFC /* AspectVGrid.swift in Sources */,
				4C5698652A1771DF00EAEAFC /* NSMutableAttributedString.swift in Sources */,
				4C56984C2A176D8400EAEAFC /* SetGameView.swift in Sources */,
				4C56985A2A176DD900EAEAFC /* SetGameModel.swift in Sources */,
				4C56984A2A176D8400EAEAFC /* SET_GameApp.swift in Sources */,
			);
			runOnlyForDeploymentPostprocessing = 0;
		};
/* End PBXSourcesBuildPhase section */

/* Begin XCBuildConfiguration section */
		4C5698522A176D8600EAEAFC /* Debug */ = {
			isa = XCBuildConfiguration;
			buildSettings = {
				ALWAYS_SEARCH_USER_PATHS = NO;
				CLANG_ANALYZER_NONNULL = YES;
				CLANG_ANALYZER_NUMBER_OBJECT_CONVERSION = YES_AGGRESSIVE;
				CLANG_CXX_LANGUAGE_STANDARD = "gnu++20";
				CLANG_ENABLE_MODULES = YES;
				CLANG_ENABLE_OBJC_ARC = YES;
				CLANG_ENABLE_OBJC_WEAK = YES;
				CLANG_WARN_BLOCK_CAPTURE_AUTORELEASING = YES;
				CLANG_WARN_BOOL_CONVERSION = YES;
				CLANG_WARN_COMMA = YES;
				CLANG_WARN_CONSTANT_CONVERSION = YES;
				CLANG_WARN_DEPRECATED_OBJC_IMPLEMENTATIONS = YES;
				CLANG_WARN_DIRECT_OBJC_ISA_USAGE = YES_ERROR;
				CLANG_WARN_DOCUMENTATION_COMMENTS = YES;
				CLANG_WARN_EMPTY_BODY = YES;
				CLANG_WARN_ENUM_CONVERSION = YES;
				CLANG_WARN_INFINITE_RECURSION = YES;
				CLANG_WARN_INT_CONVERSION = YES;
				CLANG_WARN_NON_LITERAL_NULL_CONVERSION = YES;
				CLANG_WARN_OBJC_IMPLICIT_RETAIN_SELF = YES;
				CLANG_WARN_OBJC_LITERAL_CONVERSION = YES;
				CLANG_WARN_OBJC_ROOT_CLASS = YES_ERROR;
				CLANG_WARN_QUOTED_INCLUDE_IN_FRAMEWORK_HEADER = YES;
				CLANG_WARN_RANGE_LOOP_ANALYSIS = YES;
				CLANG_WARN_STRICT_PROTOTYPES = YES;
				CLANG_WARN_SUSPICIOUS_MOVE = YES;
				CLANG_WARN_UNGUARDED_AVAILABILITY = YES_AGGRESSIVE;
				CLANG_WARN_UNREACHABLE_CODE = YES;
				CLANG_WARN__DUPLICATE_METHOD_MATCH = YES;
				COPY_PHASE_STRIP = NO;
				DEBUG_INFORMATION_FORMAT = dwarf;
				ENABLE_STRICT_OBJC_MSGSEND = YES;
				ENABLE_TESTABILITY = YES;
				GCC_C_LANGUAGE_STANDARD = gnu11;
				GCC_DYNAMIC_NO_PIC = NO;
				GCC_NO_COMMON_BLOCKS = YES;
				GCC_OPTIMIZATION_LEVEL = 0;
				GCC_PREPROCESSOR_DEFINITIONS = (
					"DEBUG=1",
					"$(inherited)",
				);
				GCC_WARN_64_TO_32_BIT_CONVERSION = YES;
				GCC_WARN_ABOUT_RETURN_TYPE = YES_ERROR;
				GCC_WARN_UNDECLARED_SELECTOR = YES;
				GCC_WARN_UNINITIALIZED_AUTOS = YES_AGGRESSIVE;
				GCC_WARN_UNUSED_FUNCTION = YES;
				GCC_WARN_UNUSED_VARIABLE = YES;
				IPHONEOS_DEPLOYMENT_TARGET = 16.2;
				MTL_ENABLE_DEBUG_INFO = INCLUDE_SOURCE;
				MTL_FAST_MATH = YES;
				ONLY_ACTIVE_ARCH = YES;
				SDKROOT = iphoneos;
				SWIFT_ACTIVE_COMPILATION_CONDITIONS = DEBUG;
				SWIFT_OPTIMIZATION_LEVEL = "-Onone";
			};
			name = Debug;
		};
		4C5698532A176D8600EAEAFC /* Release */ = {
			isa = XCBuildConfiguration;
			buildSettings = {
				ALWAYS_SEARCH_USER_PATHS = NO;
				CLANG_ANALYZER_NONNULL = YES;
				CLANG_ANALYZER_NUMBER_OBJECT_CONVERSION = YES_AGGRESSIVE;
				CLANG_CXX_LANGUAGE_STANDARD = "gnu++20";
				CLANG_ENABLE_MODULES = YES;
				CLANG_ENABLE_OBJC_ARC = YES;
				CLANG_ENABLE_OBJC_WEAK = YES;
				CLANG_WARN_BLOCK_CAPTURE_AUTORELEASING = YES;
				CLANG_WARN_BOOL_CONVERSION = YES;
				CLANG_WARN_COMMA = YES;
				CLANG_WARN_CONSTANT_CONVERSION = YES;
				CLANG_WARN_DEPRECATED_OBJC_IMPLEMENTATIONS = YES;
				CLANG_WARN_DIRECT_OBJC_ISA_USAGE = YES_ERROR;
				CLANG_WARN_DOCUMENTATION_COMMENTS = YES;
				CLANG_WARN_EMPTY_BODY = YES;
				CLANG_WARN_ENUM_CONVERSION = YES;
				CLANG_WARN_INFINITE_RECURSION = YES;
				CLANG_WARN_INT_CONVERSION = YES;
				CLANG_WARN_NON_LITERAL_NULL_CONVERSION = YES;
				CLANG_WARN_OBJC_IMPLICIT_RETAIN_SELF = YES;
				CLANG_WARN_OBJC_LITERAL_CONVERSION = YES;
				CLANG_WARN_OBJC_ROOT_CLASS = YES_ERROR;
				CLANG_WARN_QUOTED_INCLUDE_IN_FRAMEWORK_HEADER = YES;
				CLANG_WARN_RANGE_LOOP_ANALYSIS = YES;
				CLANG_WARN_STRICT_PROTOTYPES = YES;
				CLANG_WARN_SUSPICIOUS_MOVE = YES;
				CLANG_WARN_UNGUARDED_AVAILABILITY = YES_AGGRESSIVE;
				CLANG_WARN_UNREACHABLE_CODE = YES;
				CLANG_WARN__DUPLICATE_METHOD_MATCH = YES;
				COPY_PHASE_STRIP = NO;
				DEBUG_INFORMATION_FORMAT = "dwarf-with-dsym";
				ENABLE_NS_ASSERTIONS = NO;
				ENABLE_STRICT_OBJC_MSGSEND = YES;
				GCC_C_LANGUAGE_STANDARD = gnu11;
				GCC_NO_COMMON_BLOCKS = YES;
				GCC_WARN_64_TO_32_BIT_CONVERSION = YES;
				GCC_WARN_ABOUT_RETURN_TYPE = YES_ERROR;
				GCC_WARN_UNDECLARED_SELECTOR = YES;
				GCC_WARN_UNINITIALIZED_AUTOS = YES_AGGRESSIVE;
				GCC_WARN_UNUSED_FUNCTION = YES;
				GCC_WARN_UNUSED_VARIABLE = YES;
				IPHONEOS_DEPLOYMENT_TARGET = 16.2;
				MTL_ENABLE_DEBUG_INFO = NO;
				MTL_FAST_MATH = YES;
				SDKROOT = iphoneos;
				SWIFT_COMPILATION_MODE = wholemodule;
				SWIFT_OPTIMIZATION_LEVEL = "-O";
				VALIDATE_PRODUCT = YES;
			};
			name = Release;
		};
		4C5698552A176D8600EAEAFC /* Debug */ = {
			isa = XCBuildConfiguration;
			buildSettings = {
				ASSETCATALOG_COMPILER_APPICON_NAME = AppIcon;
				ASSETCATALOG_COMPILER_GLOBAL_ACCENT_COLOR_NAME = AccentColor;
				CODE_SIGN_STYLE = Automatic;
				CURRENT_PROJECT_VERSION = 1;
				DEVELOPMENT_ASSET_PATHS = "\"SET Game/Preview Content\"";
				DEVELOPMENT_TEAM = Q3P95MDH6Q;
				ENABLE_PREVIEWS = YES;
				GENERATE_INFOPLIST_FILE = YES;
				INFOPLIST_KEY_UIApplicationSceneManifest_Generation = YES;
				INFOPLIST_KEY_UIApplicationSupportsIndirectInputEvents = YES;
				INFOPLIST_KEY_UILaunchScreen_Generation = YES;
				INFOPLIST_KEY_UISupportedInterfaceOrientations_iPad = "UIInterfaceOrientationPortrait UIInterfaceOrientationPortraitUpsideDown UIInterfaceOrientationLandscapeLeft UIInterfaceOrientationLandscapeRight";
				INFOPLIST_KEY_UISupportedInterfaceOrientations_iPhone = "UIInterfaceOrientationPortrait UIInterfaceOrientationLandscapeLeft UIInterfaceOrientationLandscapeRight";
				LD_RUNPATH_SEARCH_PATHS = (
					"$(inherited)",
					"@executable_path/Frameworks",
				);
				MARKETING_VERSION = 1.0;
				PRODUCT_BUNDLE_IDENTIFIER = "none.SET-Game";
				PRODUCT_NAME = "$(TARGET_NAME)";
				SWIFT_EMIT_LOC_STRINGS = YES;
				SWIFT_VERSION = 5.0;
				TARGETED_DEVICE_FAMILY = "1,2";
			};
			name = Debug;
		};
		4C5698562A176D8600EAEAFC /* Release */ = {
			isa = XCBuildConfiguration;
			buildSettings = {
				ASSETCATALOG_COMPILER_APPICON_NAME = AppIcon;
				ASSETCATALOG_COMPILER_GLOBAL_ACCENT_COLOR_NAME = AccentColor;
				CODE_SIGN_STYLE = Automatic;
				CURRENT_PROJECT_VERSION = 1;
				DEVELOPMENT_ASSET_PATHS = "\"SET Game/Preview Content\"";
				DEVELOPMENT_TEAM = Q3P95MDH6Q;
				ENABLE_PREVIEWS = YES;
				GENERATE_INFOPLIST_FILE = YES;
				INFOPLIST_KEY_UIApplicationSceneManifest_Generation = YES;
				INFOPLIST_KEY_UIApplicationSupportsIndirectInputEvents = YES;
				INFOPLIST_KEY_UILaunchScreen_Generation = YES;
				INFOPLIST_KEY_UISupportedInterfaceOrientations_iPad = "UIInterfaceOrientationPortrait UIInterfaceOrientationPortraitUpsideDown UIInterfaceOrientationLandscapeLeft UIInterfaceOrientationLandscapeRight";
				INFOPLIST_KEY_UISupportedInterfaceOrientations_iPhone = "UIInterfaceOrientationPortrait UIInterfaceOrientationLandscapeLeft UIInterfaceOrientationLandscapeRight";
				LD_RUNPATH_SEARCH_PATHS = (
					"$(inherited)",
					"@executable_path/Frameworks",
				);
				MARKETING_VERSION = 1.0;
				PRODUCT_BUNDLE_IDENTIFIER = "none.SET-Game";
				PRODUCT_NAME = "$(TARGET_NAME)";
				SWIFT_EMIT_LOC_STRINGS = YES;
				SWIFT_VERSION = 5.0;
				TARGETED_DEVICE_FAMILY = "1,2";
			};
			name = Release;
		};
/* End XCBuildConfiguration section */

/* Begin XCConfigurationList section */
		4C5698412A176D8400EAEAFC /* Build configuration list for PBXProject "SET Game" */ = {
			isa = XCConfigurationList;
			buildConfigurations = (
				4C5698522A176D8600EAEAFC /* Debug */,
				4C5698532A176D8600EAEAFC /* Release */,
			);
			defaultConfigurationIsVisible = 0;
			defaultConfigurationName = Release;
		};
		4C5698542A176D8600EAEAFC /* Build configuration list for PBXNativeTarget "SET Game" */ = {
			isa = XCConfigurationList;
			buildConfigurations = (
				4C5698552A176D8600EAEAFC /* Debug */,
				4C5698562A176D8600EAEAFC /* Release */,
			);
			defaultConfigurationIsVisible = 0;
			defaultConfigurationName = Release;
		};
/* End XCConfigurationList section */
	};
	rootObject = 4C56983E2A176D8400EAEAFC /* Project object */;
}
